{"1.1.0",
[{<<"bxqj_pb">>,
  {git,"https://git.blizzmi.com/erly/bxqj_pb.git",
       {ref,"84e68ec001ac8859a79d396234794dbe5604f597"}},
  0},
 {<<"cowboy">>,
  {git,"git://github.com/ninenines/cowboy.git",
       {ref,"d3f15cfd8b2bb4c0c697bd995dfa4546474235ad"}},
  1},
 {<<"cowlib">>,
  {git,"https://github.com/ninenines/cowlib",
       {ref,"bd37be4d3b065600c3b76b492535e76e5d413fc1"}},
  2},
 {<<"erly_base">>,
  {git,"https://git.blizzmi.com/erly/base.git",
       {ref,"8138beed6bc43a53338dd2e6ddf1415791b8ac3f"}},
  0},
 {<<"gen_leader">>,
  {git,"git://github.com/abecciu/gen_leader_revival.git",
       {ref,"a119cb9a39f94254247962bce4616b6f607cca80"}},
  2},
 {<<"goldrush">>,
  {git,"https://github.com/basho/goldrush.git",
       {ref,"8f1b715d36b650ec1e1f5612c00e28af6ab0de82"}},
  2},
 {<<"gproc">>,
  {git,"https://github.com/uwiger/gproc.git",
       {ref,"1b81e72fd5005b817794d6baa6d08da3faf8b179"}},
  1},
 {<<"jsx">>,{pkg,<<"jsx">>,<<"2.8.1">>},1},
 {<<"lager">>,
  {git,"https://github.com/basho/lager.git",
       {ref,"81eaef0ce98fdbf64ab95665e3bc2ec4b24c7dac"}},
  1},
 {<<"mysql">>,
  {git,"https://github.com/mysql-otp/mysql-otp.git",
       {ref,"5ad838fd1cfe11f0a7eb4e25d94f438c19c62630"}},
  1},
 {<<"observer_cli">>,{pkg,<<"observer_cli">>,<<"1.1.0">>},1},
 {<<"ranch">>,
  {git,"https://github.com/ninenines/ranch",
       {ref,"55c2a9d623454f372a15e99721a37093d8773b48"}},
  2},
 {<<"recon">>,{pkg,<<"recon">>,<<"2.3.2">>},1},
 {<<"sync">>,
  {git,"https://github.com/ErlyShare/sync.git",
       {ref,"376355e334ead87f62e7ec7754db8c0a7f2e5dd4"}},
  1}]}.
[
{pkg_hash,[
 {<<"jsx">>, <<"1453B4EB3615ACB3E2CD0A105D27E6761E2ED2E501AC0B390F5BBEC497669846">>},
 {<<"observer_cli">>, <<"F3A47C22327424291758167DF3C4600DCF8BF34795A3787612019AA5B86A5C21">>},
 {<<"recon">>, <<"4444C879BE323B1B133EEC5241CB84BD3821EA194C740D75617E106BE4744318">>}]}
].
